// !$*UTF8*$!
{
	archiveVersion = 1;
	classes = {
	};
	objectVersion = 56;
	objects = {

/* Begin PBXBuildFile section */
		E2008F4529182A0900502C4C /* lab_maApp.swift in Sources */ = {isa = PBXBuildFile; fileRef = E2008F4429182A0900502C4C /* lab_maApp.swift */; };
		E2008F4729182A0900502C4C /* ContentView.swift in Sources */ = {isa = PBXBuildFile; fileRef = E2008F4629182A0900502C4C /* ContentView.swift */; };
		E2008F4929182A0A00502C4C /* Assets.xcassets in Resources */ = {isa = PBXBuildFile; fileRef = E2008F4829182A0A00502C4C /* Assets.xcassets */; };
		E2008F4D29182A0A00502C4C /* Preview Assets.xcassets in Resources */ = {isa = PBXBuildFile; fileRef = E2008F4C29182A0A00502C4C /* Preview Assets.xcassets */; };
		E2008F5529182A6B00502C4C /* EventsView.swift in Sources */ = {isa = PBXBuildFile; fileRef = E2008F5429182A6B00502C4C /* EventsView.swift */; };
		E2008F5729182AA500502C4C /* MyEventsView.swift in Sources */ = {isa = PBXBuildFile; fileRef = E2008F5629182AA500502C4C /* MyEventsView.swift */; };
		E2008F5929182AE700502C4C /* CreateEventView.swift in Sources */ = {isa = PBXBuildFile; fileRef = E2008F5829182AE700502C4C /* CreateEventView.swift */; };
		E2008F5B29182AF500502C4C /* SettingsView.swift in Sources */ = {isa = PBXBuildFile; fileRef = E2008F5A29182AF500502C4C /* SettingsView.swift */; };
		E2008F5E29182CB100502C4C /* EventList.swift in Sources */ = {isa = PBXBuildFile; fileRef = E2008F5D29182CB100502C4C /* EventList.swift */; };
		E2008F6129182CF600502C4C /* Event.swift in Sources */ = {isa = PBXBuildFile; fileRef = E2008F6029182CF600502C4C /* Event.swift */; };
		E2008F63291834CA00502C4C /* BlurView.swift in Sources */ = {isa = PBXBuildFile; fileRef = E2008F62291834CA00502C4C /* BlurView.swift */; };
		E2008F662918573300502C4C /* Realm in Frameworks */ = {isa = PBXBuildFile; productRef = E2008F652918573300502C4C /* Realm */; };
		E2008F682918573300502C4C /* RealmSwift in Frameworks */ = {isa = PBXBuildFile; productRef = E2008F672918573300502C4C /* RealmSwift */; };
		E2008F6B29188DDD00502C4C /* MultipartForm in Frameworks */ = {isa = PBXBuildFile; productRef = E2008F6A29188DDD00502C4C /* MultipartForm */; };
		E2008F712918A6BB00502C4C /* EventCell.swift in Sources */ = {isa = PBXBuildFile; fileRef = E2008F702918A6BB00502C4C /* EventCell.swift */; };
		E2008F742918AF3900502C4C /* Storage.swift in Sources */ = {isa = PBXBuildFile; fileRef = E2008F732918AF3900502C4C /* Storage.swift */; };
		E244D6152919A4E200988312 /* Errors.swift in Sources */ = {isa = PBXBuildFile; fileRef = E244D6142919A4E200988312 /* Errors.swift */; };
/* End PBXBuildFile section */

/* Begin PBXFileReference section */
		E2008F4129182A0900502C4C /* lab-ma.app */ = {isa = PBXFileReference; explicitFileType = wrapper.application; includeInIndex = 0; path = "lab-ma.app"; sourceTree = BUILT_PRODUCTS_DIR; };
		E2008F4429182A0900502C4C /* lab_maApp.swift */ = {isa = PBXFileReference; lastKnownFileType = sourcecode.swift; path = lab_maApp.swift; sourceTree = "<group>"; };
		E2008F4629182A0900502C4C /* ContentView.swift */ = {isa = PBXFileReference; lastKnownFileType = sourcecode.swift; path = ContentView.swift; sourceTree = "<group>"; };
		E2008F4829182A0A00502C4C /* Assets.xcassets */ = {isa = PBXFileReference; lastKnownFileType = folder.assetcatalog; path = Assets.xcassets; sourceTree = "<group>"; };
		E2008F4A29182A0A00502C4C /* lab_ma.entitlements */ = {isa = PBXFileReference; lastKnownFileType = text.plist.entitlements; path = lab_ma.entitlements; sourceTree = "<group>"; };
		E2008F4C29182A0A00502C4C /* Preview Assets.xcassets */ = {isa = PBXFileReference; lastKnownFileType = folder.assetcatalog; path = "Preview Assets.xcassets"; sourceTree = "<group>"; };
		E2008F5429182A6B00502C4C /* EventsView.swift */ = {isa = PBXFileReference; lastKnownFileType = sourcecode.swift; path = EventsView.swift; sourceTree = "<group>"; };
		E2008F5629182AA500502C4C /* MyEventsView.swift */ = {isa = PBXFileReference; lastKnownFileType = sourcecode.swift; path = MyEventsView.swift; sourceTree = "<group>"; };
		E2008F5829182AE700502C4C /* CreateEventView.swift */ = {isa = PBXFileReference; lastKnownFileType = sourcecode.swift; path = CreateEventView.swift; sourceTree = "<group>"; };
		E2008F5A29182AF500502C4C /* SettingsView.swift */ = {isa = PBXFileReference; lastKnownFileType = sourcecode.swift; path = SettingsView.swift; sourceTree = "<group>"; };
		E2008F5D29182CB100502C4C /* EventList.swift */ = {isa = PBXFileReference; lastKnownFileType = sourcecode.swift; path = EventList.swift; sourceTree = "<group>"; };
		E2008F6029182CF600502C4C /* Event.swift */ = {isa = PBXFileReference; lastKnownFileType = sourcecode.swift; path = Event.swift; sourceTree = "<group>"; };
		E2008F62291834CA00502C4C /* BlurView.swift */ = {isa = PBXFileReference; lastKnownFileType = sourcecode.swift; path = BlurView.swift; sourceTree = "<group>"; };
		E2008F702918A6BB00502C4C /* EventCell.swift */ = {isa = PBXFileReference; lastKnownFileType = sourcecode.swift; path = EventCell.swift; sourceTree = "<group>"; };
		E2008F732918AF3900502C4C /* Storage.swift */ = {isa = PBXFileReference; lastKnownFileType = sourcecode.swift; path = Storage.swift; sourceTree = "<group>"; };
		E244D5EC2918C67F00988312 /* Info.plist */ = {isa = PBXFileReference; lastKnownFileType = text.plist; path = Info.plist; sourceTree = "<group>"; };
		E244D6142919A4E200988312 /* Errors.swift */ = {isa = PBXFileReference; lastKnownFileType = sourcecode.swift; path = Errors.swift; sourceTree = "<group>"; };
/* End PBXFileReference section */

/* Begin PBXFrameworksBuildPhase section */
		E2008F3E29182A0900502C4C /* Frameworks */ = {
			isa = PBXFrameworksBuildPhase;
			buildActionMask = 2147483647;
			files = (
				E2008F682918573300502C4C /* RealmSwift in Frameworks */,
				E2008F6B29188DDD00502C4C /* MultipartForm in Frameworks */,
				E2008F662918573300502C4C /* Realm in Frameworks */,
			);
			runOnlyForDeploymentPostprocessing = 0;
		};
/* End PBXFrameworksBuildPhase section */

/* Begin PBXGroup section */
		E2008F3829182A0900502C4C = {
			isa = PBXGroup;
			children = (
				E2008F4329182A0900502C4C /* lab-ma */,
				E2008F4229182A0900502C4C /* Products */,
			);
			sourceTree = "<group>";
		};
		E2008F4229182A0900502C4C /* Products */ = {
			isa = PBXGroup;
			children = (
				E2008F4129182A0900502C4C /* lab-ma.app */,
			);
			name = Products;
			sourceTree = "<group>";
		};
		E2008F4329182A0900502C4C /* lab-ma */ = {
			isa = PBXGroup;
			children = (
				E244D6132919A4D500988312 /* Utils */,
				E244D5EC2918C67F00988312 /* Info.plist */,
				E2008F722918AF2500502C4C /* Storage */,
				E2008F5F29182CC900502C4C /* Types */,
				E2008F5C29182CA700502C4C /* Components */,
				E2008F5329182A5E00502C4C /* Views */,
				E2008F4429182A0900502C4C /* lab_maApp.swift */,
				E2008F4629182A0900502C4C /* ContentView.swift */,
				E2008F4829182A0A00502C4C /* Assets.xcassets */,
				E2008F4A29182A0A00502C4C /* lab_ma.entitlements */,
				E2008F4B29182A0A00502C4C /* Preview Content */,
			);
			path = "lab-ma";
			sourceTree = "<group>";
		};
		E2008F4B29182A0A00502C4C /* Preview Content */ = {
			isa = PBXGroup;
			children = (
				E2008F4C29182A0A00502C4C /* Preview Assets.xcassets */,
			);
			path = "Preview Content";
			sourceTree = "<group>";
		};
		E2008F5329182A5E00502C4C /* Views */ = {
			isa = PBXGroup;
			children = (
				E2008F5429182A6B00502C4C /* EventsView.swift */,
				E2008F5629182AA500502C4C /* MyEventsView.swift */,
				E2008F5829182AE700502C4C /* CreateEventView.swift */,
				E2008F5A29182AF500502C4C /* SettingsView.swift */,
			);
			path = Views;
			sourceTree = "<group>";
		};
		E2008F5C29182CA700502C4C /* Components */ = {
			isa = PBXGroup;
			children = (
				E2008F5D29182CB100502C4C /* EventList.swift */,
				E2008F62291834CA00502C4C /* BlurView.swift */,
				E2008F702918A6BB00502C4C /* EventCell.swift */,
			);
			path = Components;
			sourceTree = "<group>";
		};
		E2008F5F29182CC900502C4C /* Types */ = {
			isa = PBXGroup;
			children = (
				E2008F6029182CF600502C4C /* Event.swift */,
			);
			path = Types;
			sourceTree = "<group>";
		};
		E2008F722918AF2500502C4C /* Storage */ = {
			isa = PBXGroup;
			children = (
				E2008F732918AF3900502C4C /* Storage.swift */,
			);
			path = Storage;
			sourceTree = "<group>";
		};
		E244D6132919A4D500988312 /* Utils */ = {
			isa = PBXGroup;
			children = (
				E244D6142919A4E200988312 /* Errors.swift */,
			);
			path = Utils;
			sourceTree = "<group>";
		};
/* End PBXGroup section */

/* Begin PBXNativeTarget section */
		E2008F4029182A0900502C4C /* lab-ma */ = {
			isa = PBXNativeTarget;
			buildConfigurationList = E2008F5029182A0A00502C4C /* Build configuration list for PBXNativeTarget "lab-ma" */;
			buildPhases = (
				E2008F3D29182A0900502C4C /* Sources */,
				E2008F3E29182A0900502C4C /* Frameworks */,
				E2008F3F29182A0900502C4C /* Resources */,
			);
			buildRules = (
			);
			dependencies = (
			);
			name = "lab-ma";
			packageProductDependencies = (
				E2008F652918573300502C4C /* Realm */,
				E2008F672918573300502C4C /* RealmSwift */,
				E2008F6A29188DDD00502C4C /* MultipartForm */,
			);
			productName = "lab-ma";
			productReference = E2008F4129182A0900502C4C /* lab-ma.app */;
			productType = "com.apple.product-type.application";
		};
/* End PBXNativeTarget section */

/* Begin PBXProject section */
		E2008F3929182A0900502C4C /* Project object */ = {
			isa = PBXProject;
			attributes = {
				BuildIndependentTargetsInParallel = 1;
				LastSwiftUpdateCheck = 1410;
				LastUpgradeCheck = 1410;
				TargetAttributes = {
					E2008F4029182A0900502C4C = {
						CreatedOnToolsVersion = 14.1;
					};
				};
			};
			buildConfigurationList = E2008F3C29182A0900502C4C /* Build configuration list for PBXProject "lab-ma" */;
			compatibilityVersion = "Xcode 14.0";
			developmentRegion = en;
			hasScannedForEncodings = 0;
			knownRegions = (
				en,
				Base,
			);
			mainGroup = E2008F3829182A0900502C4C;
			packageReferences = (
				E2008F642918573300502C4C /* XCRemoteSwiftPackageReference "realm-swift" */,
				E2008F6929188DDD00502C4C /* XCRemoteSwiftPackageReference "MultipartForm" */,
			);
			productRefGroup = E2008F4229182A0900502C4C /* Products */;
			projectDirPath = "";
			projectRoot = "";
			targets = (
				E2008F4029182A0900502C4C /* lab-ma */,
			);
		};
/* End PBXProject section */

/* Begin PBXResourcesBuildPhase section */
		E2008F3F29182A0900502C4C /* Resources */ = {
			isa = PBXResourcesBuildPhase;
			buildActionMask = 2147483647;
			files = (
				E2008F4D29182A0A00502C4C /* Preview Assets.xcassets in Resources */,
				E2008F4929182A0A00502C4C /* Assets.xcassets in Resources */,
			);
			runOnlyForDeploymentPostprocessing = 0;
		};
/* End PBXResourcesBuildPhase section */

/* Begin PBXSourcesBuildPhase section */
		E2008F3D29182A0900502C4C /* Sources */ = {
			isa = PBXSourcesBuildPhase;
			buildActionMask = 2147483647;
			files = (
				E2008F6129182CF600502C4C /* Event.swift in Sources */,
				E2008F742918AF3900502C4C /* Storage.swift in Sources */,
				E2008F5E29182CB100502C4C /* EventList.swift in Sources */,
				E2008F712918A6BB00502C4C /* EventCell.swift in Sources */,
				E244D6152919A4E200988312 /* Errors.swift in Sources */,
				E2008F4729182A0900502C4C /* ContentView.swift in Sources */,
				E2008F4529182A0900502C4C /* lab_maApp.swift in Sources */,
				E2008F5929182AE700502C4C /* CreateEventView.swift in Sources */,
				E2008F63291834CA00502C4C /* BlurView.swift in Sources */,
				E2008F5B29182AF500502C4C /* SettingsView.swift in Sources */,
				E2008F5529182A6B00502C4C /* EventsView.swift in Sources */,
				E2008F5729182AA500502C4C /* MyEventsView.swift in Sources */,
			);
			runOnlyForDeploymentPostprocessing = 0;
		};
/* End PBXSourcesBuildPhase section */

/* Begin XCBuildConfiguration section */
		E2008F4E29182A0A00502C4C /* Debug */ = {
			isa = XCBuildConfiguration;
			buildSettings = {
				ALWAYS_SEARCH_USER_PATHS = NO;
				CLANG_ANALYZER_NONNULL = YES;
				CLANG_ANALYZER_NUMBER_OBJECT_CONVERSION = YES_AGGRESSIVE;
				CLANG_CXX_LANGUAGE_STANDARD = "gnu++20";
				CLANG_ENABLE_MODULES = YES;
				CLANG_ENABLE_OBJC_ARC = YES;
				CLANG_ENABLE_OBJC_WEAK = YES;
				CLANG_WARN_BLOCK_CAPTURE_AUTORELEASING = YES;
				CLANG_WARN_BOOL_CONVERSION = YES;
				CLANG_WARN_COMMA = YES;
				CLANG_WARN_CONSTANT_CONVERSION = YES;
				CLANG_WARN_DEPRECATED_OBJC_IMPLEMENTATIONS = YES;
				CLANG_WARN_DIRECT_OBJC_ISA_USAGE = YES_ERROR;
				CLANG_WARN_DOCUMENTATION_COMMENTS = YES;
				CLANG_WARN_EMPTY_BODY = YES;
				CLANG_WARN_ENUM_CONVERSION = YES;
				CLANG_WARN_INFINITE_RECURSION = YES;
				CLANG_WARN_INT_CONVERSION = YES;
				CLANG_WARN_NON_LITERAL_NULL_CONVERSION = YES;
				CLANG_WARN_OBJC_IMPLICIT_RETAIN_SELF = YES;
				CLANG_WARN_OBJC_LITERAL_CONVERSION = YES;
				CLANG_WARN_OBJC_ROOT_CLASS = YES_ERROR;
				CLANG_WARN_QUOTED_INCLUDE_IN_FRAMEWORK_HEADER = YES;
				CLANG_WARN_RANGE_LOOP_ANALYSIS = YES;
				CLANG_WARN_STRICT_PROTOTYPES = YES;
				CLANG_WARN_SUSPICIOUS_MOVE = YES;
				CLANG_WARN_UNGUARDED_AVAILABILITY = YES_AGGRESSIVE;
				CLANG_WARN_UNREACHABLE_CODE = YES;
				CLANG_WARN__DUPLICATE_METHOD_MATCH = YES;
				COPY_PHASE_STRIP = NO;
				DEBUG_INFORMATION_FORMAT = dwarf;
				ENABLE_STRICT_OBJC_MSGSEND = YES;
				ENABLE_TESTABILITY = YES;
				GCC_C_LANGUAGE_STANDARD = gnu11;
				GCC_DYNAMIC_NO_PIC = NO;
				GCC_NO_COMMON_BLOCKS = YES;
				GCC_OPTIMIZATION_LEVEL = 0;
				GCC_PREPROCESSOR_DEFINITIONS = (
					"DEBUG=1",
					"$(inherited)",
				);
				GCC_WARN_64_TO_32_BIT_CONVERSION = YES;
				GCC_WARN_ABOUT_RETURN_TYPE = YES_ERROR;
				GCC_WARN_UNDECLARED_SELECTOR = YES;
				GCC_WARN_UNINITIALIZED_AUTOS = YES_AGGRESSIVE;
				GCC_WARN_UNUSED_FUNCTION = YES;
				GCC_WARN_UNUSED_VARIABLE = YES;
				MTL_ENABLE_DEBUG_INFO = INCLUDE_SOURCE;
				MTL_FAST_MATH = YES;
				ONLY_ACTIVE_ARCH = YES;
				SWIFT_ACTIVE_COMPILATION_CONDITIONS = DEBUG;
				SWIFT_OPTIMIZATION_LEVEL = "-Onone";
			};
			name = Debug;
		};
		E2008F4F29182A0A00502C4C /* Release */ = {
			isa = XCBuildConfiguration;
			buildSettings = {
				ALWAYS_SEARCH_USER_PATHS = NO;
				CLANG_ANALYZER_NONNULL = YES;
				CLANG_ANALYZER_NUMBER_OBJECT_CONVERSION = YES_AGGRESSIVE;
				CLANG_CXX_LANGUAGE_STANDARD = "gnu++20";
				CLANG_ENABLE_MODULES = YES;
				CLANG_ENABLE_OBJC_ARC = YES;
				CLANG_ENABLE_OBJC_WEAK = YES;
				CLANG_WARN_BLOCK_CAPTURE_AUTORELEASING = YES;
				CLANG_WARN_BOOL_CONVERSION = YES;
				CLANG_WARN_COMMA = YES;
				CLANG_WARN_CONSTANT_CONVERSION = YES;
				CLANG_WARN_DEPRECATED_OBJC_IMPLEMENTATIONS = YES;
				CLANG_WARN_DIRECT_OBJC_ISA_USAGE = YES_ERROR;
				CLANG_WARN_DOCUMENTATION_COMMENTS = YES;
				CLANG_WARN_EMPTY_BODY = YES;
				CLANG_WARN_ENUM_CONVERSION = YES;
				CLANG_WARN_INFINITE_RECURSION = YES;
				CLANG_WARN_INT_CONVERSION = YES;
				CLANG_WARN_NON_LITERAL_NULL_CONVERSION = YES;
				CLANG_WARN_OBJC_IMPLICIT_RETAIN_SELF = YES;
				CLANG_WARN_OBJC_LITERAL_CONVERSION = YES;
				CLANG_WARN_OBJC_ROOT_CLASS = YES_ERROR;
				CLANG_WARN_QUOTED_INCLUDE_IN_FRAMEWORK_HEADER = YES;
				CLANG_WARN_RANGE_LOOP_ANALYSIS = YES;
				CLANG_WARN_STRICT_PROTOTYPES = YES;
				CLANG_WARN_SUSPICIOUS_MOVE = YES;
				CLANG_WARN_UNGUARDED_AVAILABILITY = YES_AGGRESSIVE;
				CLANG_WARN_UNREACHABLE_CODE = YES;
				CLANG_WARN__DUPLICATE_METHOD_MATCH = YES;
				COPY_PHASE_STRIP = NO;
				DEBUG_INFORMATION_FORMAT = "dwarf-with-dsym";
				ENABLE_NS_ASSERTIONS = NO;
				ENABLE_STRICT_OBJC_MSGSEND = YES;
				GCC_C_LANGUAGE_STANDARD = gnu11;
				GCC_NO_COMMON_BLOCKS = YES;
				GCC_WARN_64_TO_32_BIT_CONVERSION = YES;
				GCC_WARN_ABOUT_RETURN_TYPE = YES_ERROR;
				GCC_WARN_UNDECLARED_SELECTOR = YES;
				GCC_WARN_UNINITIALIZED_AUTOS = YES_AGGRESSIVE;
				GCC_WARN_UNUSED_FUNCTION = YES;
				GCC_WARN_UNUSED_VARIABLE = YES;
				MTL_ENABLE_DEBUG_INFO = NO;
				MTL_FAST_MATH = YES;
				SWIFT_COMPILATION_MODE = wholemodule;
				SWIFT_OPTIMIZATION_LEVEL = "-O";
			};
			name = Release;
		};
		E2008F5129182A0A00502C4C /* Debug */ = {
			isa = XCBuildConfiguration;
			buildSettings = {
				ASSETCATALOG_COMPILER_APPICON_NAME = AppIcon;
				ASSETCATALOG_COMPILER_GLOBAL_ACCENT_COLOR_NAME = AccentColor;
				CODE_SIGN_ENTITLEMENTS = "lab-ma/lab_ma.entitlements";
				CODE_SIGN_STYLE = Automatic;
				CURRENT_PROJECT_VERSION = 1;
				DEVELOPMENT_ASSET_PATHS = "\"lab-ma/Preview Content\"";
				DEVELOPMENT_TEAM = 7M3E2N6MMD;
				ENABLE_PREVIEWS = YES;
				GENERATE_INFOPLIST_FILE = YES;
				INFOPLIST_FILE = "lab-ma/Info.plist";
				"INFOPLIST_KEY_UIApplicationSceneManifest_Generation[sdk=iphoneos*]" = YES;
				"INFOPLIST_KEY_UIApplicationSceneManifest_Generation[sdk=iphonesimulator*]" = YES;
				"INFOPLIST_KEY_UIApplicationSupportsIndirectInputEvents[sdk=iphoneos*]" = YES;
				"INFOPLIST_KEY_UIApplicationSupportsIndirectInputEvents[sdk=iphonesimulator*]" = YES;
				"INFOPLIST_KEY_UILaunchScreen_Generation[sdk=iphoneos*]" = YES;
				"INFOPLIST_KEY_UILaunchScreen_Generation[sdk=iphonesimulator*]" = YES;
				"INFOPLIST_KEY_UIStatusBarStyle[sdk=iphoneos*]" = UIStatusBarStyleDefault;
				"INFOPLIST_KEY_UIStatusBarStyle[sdk=iphonesimulator*]" = UIStatusBarStyleDefault;
				INFOPLIST_KEY_UISupportedInterfaceOrientations_iPad = "UIInterfaceOrientationPortrait UIInterfaceOrientationPortraitUpsideDown UIInterfaceOrientationLandscapeLeft UIInterfaceOrientationLandscapeRight";
				INFOPLIST_KEY_UISupportedInterfaceOrientations_iPhone = "UIInterfaceOrientationPortrait UIInterfaceOrientationLandscapeLeft UIInterfaceOrientationLandscapeRight";
				IPHONEOS_DEPLOYMENT_TARGET = 16.1;
				LD_RUNPATH_SEARCH_PATHS = "@executable_path/Frameworks";
				"LD_RUNPATH_SEARCH_PATHS[sdk=macosx*]" = "@executable_path/../Frameworks";
				MACOSX_DEPLOYMENT_TARGET = 13.0;
				MARKETING_VERSION = 1.0;
				PRODUCT_BUNDLE_IDENTIFIER = "com.toma.lab-ma-server";
				PRODUCT_NAME = "$(TARGET_NAME)";
				SDKROOT = auto;
				SUPPORTED_PLATFORMS = "iphoneos iphonesimulator macosx";
				SWIFT_EMIT_LOC_STRINGS = YES;
				SWIFT_VERSION = 5.0;
				TARGETED_DEVICE_FAMILY = "1,2";
			};
			name = Debug;
		};
		E2008F5229182A0A00502C4C /* Release */ = {
			isa = XCBuildConfiguration;
			buildSettings = {
				ASSETCATALOG_COMPILER_APPICON_NAME = AppIcon;
				ASSETCATALOG_COMPILER_GLOBAL_ACCENT_COLOR_NAME = AccentColor;
				CODE_SIGN_ENTITLEMENTS = "lab-ma/lab_ma.entitlements";
				CODE_SIGN_STYLE = Automatic;
				CURRENT_PROJECT_VERSION = 1;
				DEVELOPMENT_ASSET_PATHS = "\"lab-ma/Preview Content\"";
				DEVELOPMENT_TEAM = 7M3E2N6MMD;
				ENABLE_PREVIEWS = YES;
				GENERATE_INFOPLIST_FILE = YES;
				INFOPLIST_FILE = "lab-ma/Info.plist";
				"INFOPLIST_KEY_UIApplicationSceneManifest_Generation[sdk=iphoneos*]" = YES;
				"INFOPLIST_KEY_UIApplicationSceneManifest_Generation[sdk=iphonesimulator*]" = YES;
				"INFOPLIST_KEY_UIApplicationSupportsIndirectInputEvents[sdk=iphoneos*]" = YES;
				"INFOPLIST_KEY_UIApplicationSupportsIndirectInputEvents[sdk=iphonesimulator*]" = YES;
				"INFOPLIST_KEY_UILaunchScreen_Generation[sdk=iphoneos*]" = YES;
				"INFOPLIST_KEY_UILaunchScreen_Generation[sdk=iphonesimulator*]" = YES;
				"INFOPLIST_KEY_UIStatusBarStyle[sdk=iphoneos*]" = UIStatusBarStyleDefault;
				"INFOPLIST_KEY_UIStatusBarStyle[sdk=iphonesimulator*]" = UIStatusBarStyleDefault;
				INFOPLIST_KEY_UISupportedInterfaceOrientations_iPad = "UIInterfaceOrientationPortrait UIInterfaceOrientationPortraitUpsideDown UIInterfaceOrientationLandscapeLeft UIInterfaceOrientationLandscapeRight";
				INFOPLIST_KEY_UISupportedInterfaceOrientations_iPhone = "UIInterfaceOrientationPortrait UIInterfaceOrientationLandscapeLeft UIInterfaceOrientationLandscapeRight";
				IPHONEOS_DEPLOYMENT_TARGET = 16.1;
				LD_RUNPATH_SEARCH_PATHS = "@executable_path/Frameworks";
				"LD_RUNPATH_SEARCH_PATHS[sdk=macosx*]" = "@executable_path/../Frameworks";
				MACOSX_DEPLOYMENT_TARGET = 13.0;
				MARKETING_VERSION = 1.0;
				PRODUCT_BUNDLE_IDENTIFIER = "com.toma.lab-ma-server";
				PRODUCT_NAME = "$(TARGET_NAME)";
				SDKROOT = auto;
				SUPPORTED_PLATFORMS = "iphoneos iphonesimulator macosx";
				SWIFT_EMIT_LOC_STRINGS = YES;
				SWIFT_VERSION = 5.0;
				TARGETED_DEVICE_FAMILY = "1,2";
			};
			name = Release;
		};
/* End XCBuildConfiguration section */

/* Begin XCConfigurationList section */
		E2008F3C29182A0900502C4C /* Build configuration list for PBXProject "lab-ma" */ = {
			isa = XCConfigurationList;
			buildConfigurations = (
				E2008F4E29182A0A00502C4C /* Debug */,
				E2008F4F29182A0A00502C4C /* Release */,
			);
			defaultConfigurationIsVisible = 0;
			defaultConfigurationName = Release;
		};
		E2008F5029182A0A00502C4C /* Build configuration list for PBXNativeTarget "lab-ma" */ = {
			isa = XCConfigurationList;
			buildConfigurations = (
				E2008F5129182A0A00502C4C /* Debug */,
				E2008F5229182A0A00502C4C /* Release */,
			);
			defaultConfigurationIsVisible = 0;
			defaultConfigurationName = Release;
		};
/* End XCConfigurationList section */

/* Begin XCRemoteSwiftPackageReference section */
		E2008F642918573300502C4C /* XCRemoteSwiftPackageReference "realm-swift" */ = {
			isa = XCRemoteSwiftPackageReference;
			repositoryURL = "https://github.com/realm/realm-swift.git";
			requirement = {
				kind = upToNextMajorVersion;
				minimumVersion = 10.32.2;
			};
		};
		E2008F6929188DDD00502C4C /* XCRemoteSwiftPackageReference "MultipartForm" */ = {
			isa = XCRemoteSwiftPackageReference;
			repositoryURL = "https://github.com/davbeck/MultipartForm";
			requirement = {
				kind = upToNextMajorVersion;
				minimumVersion = 0.1.0;
			};
		};
/* End XCRemoteSwiftPackageReference section */

/* Begin XCSwiftPackageProductDependency section */
		E2008F652918573300502C4C /* Realm */ = {
			isa = XCSwiftPackageProductDependency;
			package = E2008F642918573300502C4C /* XCRemoteSwiftPackageReference "realm-swift" */;
			productName = Realm;
		};
		E2008F672918573300502C4C /* RealmSwift */ = {
			isa = XCSwiftPackageProductDependency;
			package = E2008F642918573300502C4C /* XCRemoteSwiftPackageReference "realm-swift" */;
			productName = RealmSwift;
		};
		E2008F6A29188DDD00502C4C /* MultipartForm */ = {
			isa = XCSwiftPackageProductDependency;
			package = E2008F6929188DDD00502C4C /* XCRemoteSwiftPackageReference "MultipartForm" */;
			productName = MultipartForm;
		};
/* End XCSwiftPackageProductDependency section */
	};
	rootObject = E2008F3929182A0900502C4C /* Project object */;
}
